# This file is automatically @generated by Poetry 1.4.2 and should not be changed by hand.

[[package]]
name = "attrs"
version = "22.2.0"
description = "Classes Without Boilerplate"
category = "dev"
optional = false
python-versions = ">=3.6"
files = [
    {file = "attrs-22.2.0-py3-none-any.whl", hash = "sha256:29e95c7f6778868dbd49170f98f8818f78f3dc5e0e37c0b1f474e3561b240836"},
    {file = "attrs-22.2.0.tar.gz", hash = "sha256:c9227bfc2f01993c03f68db37d1d15c9690188323c067c641f1a35ca58185f99"},
]

[package.extras]
cov = ["attrs[tests]", "coverage-enable-subprocess", "coverage[toml] (>=5.3)"]
dev = ["attrs[docs,tests]"]
docs = ["furo", "myst-parser", "sphinx", "sphinx-notfound-page", "sphinxcontrib-towncrier", "towncrier", "zope.interface"]
tests = ["attrs[tests-no-zope]", "zope.interface"]
tests-no-zope = ["cloudpickle", "cloudpickle", "hypothesis", "hypothesis", "mypy (>=0.971,<0.990)", "mypy (>=0.971,<0.990)", "pympler", "pympler", "pytest (>=4.3.0)", "pytest (>=4.3.0)", "pytest-mypy-plugins", "pytest-mypy-plugins", "pytest-xdist[psutil]", "pytest-xdist[psutil]"]

[[package]]
name = "colorama"
version = "0.4.6"
description = "Cross-platform colored terminal text."
category = "dev"
optional = false
python-versions = "!=3.0.*,!=3.1.*,!=3.2.*,!=3.3.*,!=3.4.*,!=3.5.*,!=3.6.*,>=2.7"
files = [
    {file = "colorama-0.4.6-py2.py3-none-any.whl", hash = "sha256:4f1d9991f5acc0ca119f9d443620b77f9d6b33703e51011c16baf57afb285fc6"},
    {file = "colorama-0.4.6.tar.gz", hash = "sha256:08695f5cb7ed6e0531a20572697297273c47b8cae5a63ffc6d6ed5c201be6e44"},
]

[[package]]
name = "exceptiongroup"
version = "1.1.1"
description = "Backport of PEP 654 (exception groups)"
category = "dev"
optional = false
python-versions = ">=3.7"
files = [
    {file = "exceptiongroup-1.1.1-py3-none-any.whl", hash = "sha256:232c37c63e4f682982c8b6459f33a8981039e5fb8756b2074364e5055c498c9e"},
    {file = "exceptiongroup-1.1.1.tar.gz", hash = "sha256:d484c3090ba2889ae2928419117447a14daf3c1231d5e30d0aae34f354f01785"},
]

[package.extras]
test = ["pytest (>=6)"]

[[package]]
name = "falcon"
version = "3.1.1"
description = "The ultra-reliable, fast ASGI+WSGI framework for building data plane APIs at scale."
category = "main"
optional = false
python-versions = ">=3.5"
files = [
    {file = "falcon-3.1.1-cp310-cp310-macosx_10_15_x86_64.whl", hash = "sha256:10ff3080aebe84fb45955cb02375ce13b6a3556c73edad282325eb67aeb42a46"},
    {file = "falcon-3.1.1-cp310-cp310-manylinux_2_17_aarch64.manylinux2014_aarch64.whl", hash = "sha256:ca798f3240283a89881209dfa8eb20e2eaf8d01c50b33be5f70865c0902577ec"},
    {file = "falcon-3.1.1-cp310-cp310-manylinux_2_17_s390x.manylinux2014_s390x.whl", hash = "sha256:394e16249d9b61dcdbb6653311c4a208f9fc68b696d0123d29f781fbd338cfd4"},
    {file = "falcon-3.1.1-cp310-cp310-manylinux_2_5_x86_64.manylinux1_x86_64.manylinux_2_12_x86_64.manylinux2010_x86_64.whl", hash = "sha256:6245344fab1a7faeb9267c75b8f4fd6c4bda35e1a2fe8f547b832b547c7f2128"},
    {file = "falcon-3.1.1-cp310-cp310-manylinux_2_5_x86_64.manylinux1_x86_64.manylinux_2_17_x86_64.manylinux2014_x86_64.whl", hash = "sha256:8fc0ef213d6e66bb997d172ceaa04f6daa309cac47e2fcd4320234806c806467"},
    {file = "falcon-3.1.1-cp310-cp310-win_amd64.whl", hash = "sha256:016fe952a526045292fb591f4c724d5fdf4127e88d0369e2dc147925dc51835c"},
    {file = "falcon-3.1.1-cp311-cp311-macosx_10_9_universal2.whl", hash = "sha256:00e6c6b3ec846193cfd30be26b10dbb7cc31ee3442f80f1d5ffd14c410619156"},
    {file = "falcon-3.1.1-cp311-cp311-manylinux_2_17_aarch64.manylinux2014_aarch64.whl", hash = "sha256:a7e6e1e6af16d1055454eaed5ceaceabca97656b28a8a924b426fbf0e26ec0f0"},
    {file = "falcon-3.1.1-cp311-cp311-manylinux_2_17_s390x.manylinux2014_s390x.whl", hash = "sha256:d53dabcf8212c38137e40a61795e312224dc7a437b03d7fb0a1b0dc3ed8d4b5b"},
    {file = "falcon-3.1.1-cp311-cp311-manylinux_2_17_x86_64.manylinux2014_x86_64.whl", hash = "sha256:762854cc9f13082166c166c93fd6f2178ba1787170bacee9a4b37fab412f602e"},
    {file = "falcon-3.1.1-cp311-cp311-win_amd64.whl", hash = "sha256:686a0167af40565a2057f3902a9fb8f15a423ad17a80c9caee932b668478c9ad"},
    {file = "falcon-3.1.1-cp36-cp36m-macosx_10_14_x86_64.whl", hash = "sha256:b8302953d72405750450d4f8b7651dc6c5a5199dbb104b598036818f917b1d8c"},
    {file = "falcon-3.1.1-cp36-cp36m-win_amd64.whl", hash = "sha256:f187040b6632ed434c3f6bcedb98fb6559973123d1799e77718502d2b693701e"},
    {file = "falcon-3.1.1-cp37-cp37m-macosx_10_15_x86_64.whl", hash = "sha256:1b8dfce6c379ba14d962abf479137258c694017752bc5b585ab366e2e8106a3e"},
    {file = "falcon-3.1.1-cp37-cp37m-manylinux_2_17_aarch64.manylinux2014_aarch64.whl", hash = "sha256:1d9c3dc6c5a8a2f2c3f1fd433a6b4e4bcef22c52166b91e2d6d985fbcadcc62b"},
    {file = "falcon-3.1.1-cp37-cp37m-manylinux_2_17_s390x.manylinux2014_s390x.whl", hash = "sha256:2abecd50121ed969fa34d5c035a340ee4b21afc84dcd354acd548ab2edcc67b2"},
    {file = "falcon-3.1.1-cp37-cp37m-manylinux_2_5_x86_64.manylinux1_x86_64.manylinux_2_12_x86_64.manylinux2010_x86_64.whl", hash = "sha256:f6e3c42f3c20af33c040affe0a3e8cd358153304b48eb441adfd261c3bfd51d3"},
    {file = "falcon-3.1.1-cp37-cp37m-manylinux_2_5_x86_64.manylinux1_x86_64.manylinux_2_17_x86_64.manylinux2014_x86_64.whl", hash = "sha256:b7aab2dd6683437d8739a0cc9d6ab6542f48e05445a0138b356f63983a7c98fe"},
    {file = "falcon-3.1.1-cp37-cp37m-win_amd64.whl", hash = "sha256:6fbc130a12e35ca76d782201af7a558ac57d4e5e66ba3a8017f5a3baaed64f8b"},
    {file = "falcon-3.1.1-cp38-cp38-macosx_10_15_x86_64.whl", hash = "sha256:550566250ac2bc0418075f2ad177b7e01adef1815459c2d962e579dff07162fb"},
    {file = "falcon-3.1.1-cp38-cp38-manylinux_2_17_aarch64.manylinux2014_aarch64.whl", hash = "sha256:1cf50b9a2dcf9c8f6ae8de94e2e6ac082449380784fb9d1a1fc80fade052aead"},
    {file = "falcon-3.1.1-cp38-cp38-manylinux_2_17_s390x.manylinux2014_s390x.whl", hash = "sha256:8a5fa02feaf67a2bd0407201dfec92edb0eee59803c3e1e717cfa5a2232ffc77"},
    {file = "falcon-3.1.1-cp38-cp38-manylinux_2_5_x86_64.manylinux1_x86_64.manylinux_2_12_x86_64.manylinux2010_x86_64.whl", hash = "sha256:ff2eaf9807ea357ced1cc60e1d2871f55aa6ea29162386efb95fb4e5a730e6de"},
    {file = "falcon-3.1.1-cp38-cp38-manylinux_2_5_x86_64.manylinux1_x86_64.manylinux_2_17_x86_64.manylinux2014_x86_64.whl", hash = "sha256:f049eeeeea08e0a5fbb87d1fe131f85c7a0310c3a0a4226146463709fbfe12eb"},
    {file = "falcon-3.1.1-cp38-cp38-win_amd64.whl", hash = "sha256:66d937b7b796b68640d63e006e475d9268f68dfb3f1468415259507db72ee065"},
    {file = "falcon-3.1.1-cp39-cp39-macosx_10_15_x86_64.whl", hash = "sha256:13121ab6a86597ec849e397272662f5cafcbe534e12c01e2913035fe4120dcd1"},
    {file = "falcon-3.1.1-cp39-cp39-manylinux_2_17_aarch64.manylinux2014_aarch64.whl", hash = "sha256:5af63f2d7f509353552b2436501449065f30f27542d1e58c864656bd3a7a9ef1"},
    {file = "falcon-3.1.1-cp39-cp39-manylinux_2_17_s390x.manylinux2014_s390x.whl", hash = "sha256:fd1eaf1a5d9d936f29f9aca3f268cf375621d1ffcbf27a6e14c187b489bf5f26"},
    {file = "falcon-3.1.1-cp39-cp39-manylinux_2_5_x86_64.manylinux1_x86_64.manylinux_2_12_x86_64.manylinux2010_x86_64.whl", hash = "sha256:bec014dc19a38d5a525ab948a8eccc885f28d2611bdf3f73842fadc44b185702"},
    {file = "falcon-3.1.1-cp39-cp39-manylinux_2_5_x86_64.manylinux1_x86_64.manylinux_2_17_x86_64.manylinux2014_x86_64.whl", hash = "sha256:271fa0c4b0634e4e238dc7c2fcd57be5f9dd0f200553e46677ff704f6a8090e6"},
    {file = "falcon-3.1.1-cp39-cp39-win_amd64.whl", hash = "sha256:7a7ecb8eafada89389c19eda44811e14786599c1d86c6cffa58c65150b24bc43"},
    {file = "falcon-3.1.1.tar.gz", hash = "sha256:5dd393dbf01cbaf99493893de4832121bd495dc49a46c571915b79c59aad7ef4"},
]

[[package]]
name = "gunicorn"
version = "20.1.0"
description = "WSGI HTTP Server for UNIX"
category = "main"
optional = false
python-versions = ">=3.5"
files = [
    {file = "gunicorn-20.1.0-py3-none-any.whl", hash = "sha256:9dcc4547dbb1cb284accfb15ab5667a0e5d1881cc443e0677b4882a4067a807e"},
    {file = "gunicorn-20.1.0.tar.gz", hash = "sha256:e0a968b5ba15f8a328fdfd7ab1fcb5af4470c28aaf7e55df02a99bc13138e6e8"},
]

[package.dependencies]
setuptools = ">=3.0"

[package.extras]
eventlet = ["eventlet (>=0.24.1)"]
gevent = ["gevent (>=1.4.0)"]
setproctitle = ["setproctitle"]
tornado = ["tornado (>=0.2)"]

[[package]]
name = "iniconfig"
version = "2.0.0"
description = "brain-dead simple config-ini parsing"
category = "dev"
optional = false
python-versions = ">=3.7"
files = [
    {file = "iniconfig-2.0.0-py3-none-any.whl", hash = "sha256:b6a85871a79d2e3b22d2d1b94ac2824226a63c6b741c88f7ae975f18b6778374"},
    {file = "iniconfig-2.0.0.tar.gz", hash = "sha256:2d91e135bf72d31a410b17c16da610a82cb55f6b0477d1a902134b24a455b8b3"},
]

[[package]]
name = "packaging"
version = "23.0"
description = "Core utilities for Python packages"
category = "dev"
optional = false
python-versions = ">=3.7"
files = [
    {file = "packaging-23.0-py3-none-any.whl", hash = "sha256:714ac14496c3e68c99c29b00845f7a2b85f3bb6f1078fd9f72fd20f0570002b2"},
    {file = "packaging-23.0.tar.gz", hash = "sha256:b6ad297f8907de0fa2fe1ccbd26fdaf387f5f47c7275fedf8cce89f99446cf97"},
]

[[package]]
name = "pluggy"
version = "1.0.0"
description = "plugin and hook calling mechanisms for python"
category = "dev"
optional = false
python-versions = ">=3.6"
files = [
    {file = "pluggy-1.0.0-py2.py3-none-any.whl", hash = "sha256:74134bbf457f031a36d68416e1509f34bd5ccc019f0bcc952c7b909d06b37bd3"},
    {file = "pluggy-1.0.0.tar.gz", hash = "sha256:4224373bacce55f955a878bf9cfa763c1e360858e330072059e10bad68531159"},
]

[package.extras]
dev = ["pre-commit", "tox"]
testing = ["pytest", "pytest-benchmark"]

[[package]]
name = "pytest"
version = "7.2.2"
description = "pytest: simple powerful testing with Python"
category = "dev"
optional = false
python-versions = ">=3.7"
files = [
    {file = "pytest-7.2.2-py3-none-any.whl", hash = "sha256:130328f552dcfac0b1cec75c12e3f005619dc5f874f0a06e8ff7263f0ee6225e"},
    {file = "pytest-7.2.2.tar.gz", hash = "sha256:c99ab0c73aceb050f68929bc93af19ab6db0558791c6a0715723abe9d0ade9d4"},
]

[package.dependencies]
attrs = ">=19.2.0"
colorama = {version = "*", markers = "sys_platform == \"win32\""}
exceptiongroup = {version = ">=1.0.0rc8", markers = "python_version < \"3.11\""}
iniconfig = "*"
packaging = "*"
pluggy = ">=0.12,<2.0"
tomli = {version = ">=1.0.0", markers = "python_version < \"3.11\""}

[package.extras]
testing = ["argcomplete", "hypothesis (>=3.56)", "mock", "nose", "pygments (>=2.7.2)", "requests", "xmlschema"]

[[package]]
name = "setuptools"
version = "67.6.1"
description = "Easily download, build, install, upgrade, and uninstall Python packages"
category = "main"
optional = false
python-versions = ">=3.7"
files = [
    {file = "setuptools-67.6.1-py3-none-any.whl", hash = "sha256:e728ca814a823bf7bf60162daf9db95b93d532948c4c0bea762ce62f60189078"},
    {file = "setuptools-67.6.1.tar.gz", hash = "sha256:257de92a9d50a60b8e22abfcbb771571fde0dbf3ec234463212027a4eeecbe9a"},
]

[package.extras]
docs = ["furo", "jaraco.packaging (>=9)", "jaraco.tidelift (>=1.4)", "pygments-github-lexers (==0.0.5)", "rst.linker (>=1.9)", "sphinx (>=3.5)", "sphinx-favicon", "sphinx-hoverxref (<2)", "sphinx-inline-tabs", "sphinx-lint", "sphinx-notfound-page (==0.8.3)", "sphinx-reredirects", "sphinxcontrib-towncrier"]
testing = ["build[virtualenv]", "filelock (>=3.4.0)", "flake8 (<5)", "flake8-2020", "ini2toml[lite] (>=0.9)", "jaraco.envs (>=2.2)", "jaraco.path (>=3.2.0)", "pip (>=19.1)", "pip-run (>=8.8)", "pytest (>=6)", "pytest-black (>=0.3.7)", "pytest-checkdocs (>=2.4)", "pytest-cov", "pytest-enabler (>=1.3)", "pytest-flake8", "pytest-mypy (>=0.9.1)", "pytest-perf", "pytest-timeout", "pytest-xdist", "tomli-w (>=1.0.0)", "virtualenv (>=13.0.0)", "wheel"]
testing-integration = ["build[virtualenv]", "filelock (>=3.4.0)", "jaraco.envs (>=2.2)", "jaraco.path (>=3.2.0)", "pytest", "pytest-enabler", "pytest-xdist", "tomli", "virtualenv (>=13.0.0)", "wheel"]

[[package]]
name = "tomli"
version = "2.0.1"
description = "A lil' TOML parser"
category = "dev"
optional = false
python-versions = ">=3.7"
files = [
    {file = "tomli-2.0.1-py3-none-any.whl", hash = "sha256:939de3e7a6161af0c887ef91b7d41a53e7c5a1ca976325f429cb46ea9bc30ecc"},
    {file = "tomli-2.0.1.tar.gz", hash = "sha256:de526c12914f0c550d15924c62d72abc48d6fe7364aa87328337a31007fe8a4f"},
]

[metadata]
lock-version = "2.0"
python-versions = "^3.10"
content-hash = "5b91de4d6f40745b60e3fba6b235db1cdf3683550029fcc5a28bc0cb829c3e17"
